{
    "version": 3,
    "terraform_version": "0.11.11",
    "serial": 34,
    "lineage": "1f474d32-6b97-fa7e-b0d7-5874b6a2b88a",
    "modules": [
        {
            "path": [
                "root"
            ],
            "outputs": {
                "All-FQDNs": {
                    "sensitive": false,
                    "type": "list",
                    "value": [
                        "bee.ldn.devopsplayground.com"
                    ]
                }
            },
            "resources": {
                "aws_instance.user_instances": {
                    "type": "aws_instance",
                    "depends_on": [
                        "aws_security_group.user_instances",
                        "data.aws_caller_identity.current_user",
                        "data.template_file.user_data_user",
                        "random_integer.animal_offset"
                    ],
                    "primary": {
                        "id": "i-009a211b2940dd482",
                        "attributes": {
                            "ami": "ami-3548444c",
                            "arn": "arn:aws:ec2:eu-west-1:415830525771:instance/i-009a211b2940dd482",
                            "associate_public_ip_address": "true",
                            "availability_zone": "eu-west-1c",
                            "cpu_core_count": "2",
                            "cpu_threads_per_core": "1",
                            "credit_specification.#": "1",
                            "credit_specification.0.cpu_credits": "standard",
                            "disable_api_termination": "false",
                            "ebs_block_device.#": "0",
                            "ebs_optimized": "false",
                            "ephemeral_block_device.#": "0",
                            "get_password_data": "false",
                            "iam_instance_profile": "",
                            "id": "i-009a211b2940dd482",
                            "instance_state": "running",
                            "instance_type": "t2.medium",
                            "ipv6_addresses.#": "0",
                            "key_name": "azecsd-ireland",
                            "monitoring": "false",
                            "network_interface.#": "0",
                            "network_interface_id": "eni-0057cdf461ac4beed",
                            "password_data": "",
                            "placement_group": "",
                            "primary_network_interface_id": "eni-0057cdf461ac4beed",
                            "private_dns": "ip-172-31-42-249.eu-west-1.compute.internal",
                            "private_ip": "172.31.42.249",
                            "public_dns": "ec2-63-33-208-44.eu-west-1.compute.amazonaws.com",
                            "public_ip": "63.33.208.44",
                            "root_block_device.#": "1",
                            "root_block_device.0.delete_on_termination": "false",
                            "root_block_device.0.iops": "100",
                            "root_block_device.0.volume_id": "vol-0c5d4dae21c82340c",
                            "root_block_device.0.volume_size": "8",
                            "root_block_device.0.volume_type": "gp2",
                            "security_groups.#": "1",
                            "security_groups.3032897465": "user_instances_all",
                            "source_dest_check": "true",
                            "subnet_id": "subnet-aa53f3f2",
                            "tags.%": "2",
                            "tags.Name": "devops-playground-bee",
                            "tags.Owner": "azorzetto",
                            "tenancy": "default",
                            "user_data": "8c57b7fc83220519cf4ec7277a7909849895802f",
                            "volume_tags.%": "0",
                            "vpc_security_group_ids.#": "1",
                            "vpc_security_group_ids.3059027425": "sg-02ff6a7616cf3baa4"
                        },
                        "meta": {
                            "e2bfb730-ecaa-11e6-8f88-34363bc7c4c0": {
                                "create": 600000000000,
                                "delete": 1200000000000,
                                "update": 600000000000
                            },
                            "schema_version": "1"
                        },
                        "tainted": false
                    },
                    "deposed": [],
                    "provider": "provider.aws"
                },
                "aws_route53_record.user_instance": {
                    "type": "aws_route53_record",
                    "depends_on": [
                        "aws_instance.user_instances.*",
                        "random_integer.animal_offset"
                    ],
                    "primary": {
                        "id": "ZKL6DCZ2ESZ63_bee_A",
                        "attributes": {
                            "allow_overwrite": "true",
                            "fqdn": "bee.ldn.devopsplayground.com",
                            "health_check_id": "",
                            "id": "ZKL6DCZ2ESZ63_bee_A",
                            "name": "bee",
                            "records.#": "1",
                            "records.2531263355": "63.33.208.44",
                            "set_identifier": "",
                            "ttl": "60",
                            "type": "A",
                            "zone_id": "ZKL6DCZ2ESZ63"
                        },
                        "meta": {
                            "schema_version": "2"
                        },
                        "tainted": false
                    },
                    "deposed": [],
                    "provider": "provider.aws"
                },
                "aws_security_group.user_instances": {
                    "type": "aws_security_group",
                    "depends_on": [],
                    "primary": {
                        "id": "sg-02ff6a7616cf3baa4",
                        "attributes": {
                            "arn": "arn:aws:ec2:eu-west-1:415830525771:security-group/sg-02ff6a7616cf3baa4",
                            "description": "Allow all traffic for ECS IP",
                            "egress.#": "1",
                            "egress.482069346.cidr_blocks.#": "1",
                            "egress.482069346.cidr_blocks.0": "0.0.0.0/0",
                            "egress.482069346.description": "",
                            "egress.482069346.from_port": "0",
                            "egress.482069346.ipv6_cidr_blocks.#": "0",
                            "egress.482069346.prefix_list_ids.#": "0",
                            "egress.482069346.protocol": "-1",
                            "egress.482069346.security_groups.#": "0",
                            "egress.482069346.self": "false",
                            "egress.482069346.to_port": "0",
                            "id": "sg-02ff6a7616cf3baa4",
                            "ingress.#": "2",
                            "ingress.482069346.cidr_blocks.#": "1",
                            "ingress.482069346.cidr_blocks.0": "0.0.0.0/0",
                            "ingress.482069346.description": "",
                            "ingress.482069346.from_port": "0",
                            "ingress.482069346.ipv6_cidr_blocks.#": "0",
                            "ingress.482069346.prefix_list_ids.#": "0",
                            "ingress.482069346.protocol": "-1",
                            "ingress.482069346.security_groups.#": "0",
                            "ingress.482069346.self": "false",
                            "ingress.482069346.to_port": "0",
                            "ingress.753360330.cidr_blocks.#": "0",
                            "ingress.753360330.description": "",
                            "ingress.753360330.from_port": "0",
                            "ingress.753360330.ipv6_cidr_blocks.#": "0",
                            "ingress.753360330.prefix_list_ids.#": "0",
                            "ingress.753360330.protocol": "-1",
                            "ingress.753360330.security_groups.#": "0",
                            "ingress.753360330.self": "true",
                            "ingress.753360330.to_port": "0",
                            "name": "user_instances_all",
                            "owner_id": "415830525771",
                            "revoke_rules_on_delete": "false",
                            "tags.%": "0",
                            "vpc_id": "vpc-cd9f1ba9"
                        },
                        "meta": {
                            "e2bfb730-ecaa-11e6-8f88-34363bc7c4c0": {
                                "create": 600000000000,
                                "delete": 600000000000
                            },
                            "schema_version": "1"
                        },
                        "tainted": false
                    },
                    "deposed": [],
                    "provider": "provider.aws"
                },
                "data.aws_caller_identity.current_user": {
                    "type": "aws_caller_identity",
                    "depends_on": [],
                    "primary": {
                        "id": "2019-01-24 14:40:22.104585 +0000 UTC",
                        "attributes": {
                            "account_id": "415830525771",
                            "arn": "arn:aws:iam::415830525771:user/azorzetto",
                            "id": "2019-01-24 14:40:22.104585 +0000 UTC",
                            "user_id": "AIDAJ56FVYJ3WGGXRBDQG"
                        },
                        "meta": {},
                        "tainted": false
                    },
                    "deposed": [],
                    "provider": "provider.aws"
                },
                "data.template_file.user_data_user": {
                    "type": "template_file",
                    "depends_on": [],
                    "primary": {
                        "id": "a2408195c5892c1ce6755bf69b1b238324c13405f189194e6f262a95cb6b6a66",
                        "attributes": {
                            "id": "a2408195c5892c1ce6755bf69b1b238324c13405f189194e6f262a95cb6b6a66",
                            "rendered": "#!/bin/bash\n\n# Basic software\nyum install -y epel-release\nyum install -y curl wget make gcc-c++ git htop vim jq\nyum groupinstall -y 'Development Tools'\n\n# SSH User\necho 'DevopsPlayground19' | sudo passwd centos --stdin\nsed -i 's/PasswordAuthentication no/PasswordAuthentication yes/g' /etc/ssh/sshd_config\nsystemctl restart sshd\n\n# Node and wetty\ncurl --silent --location https://rpm.nodesource.com/setup_8.x | bash -\nyum install -y nodejs\n\nnpm install -g yarn\nnpm install -g aye-spy\n\nyarn global add wetty\n\n\ncat \u003c\u003c EOF \u003e /etc/systemd/system/wetty.service\n[Unit]\nDescription=Wetty terminal on Web\nAfter=network.target\n\n[Service]\nType=simple\nUser=centos\nWorkingDirectory=/home/centos\nExecStart=/usr/local/bin/wetty -p 3000 --sshuser centos\nRestart=always\n\n[Install]\nWantedBy=multi-user.target\nEOF\n\n# SELINUX\n\nsetenforce 0\nsed -i 's/SELINUX=enforcing/SELINUX=permissive/g' /etc/selinux/config\n\n# Docker\nyum-config-manager --add-repo https://download.docker.com/linux/centos/docker-ce.repo\nyum install -y --setopt=obsoletes=0 docker-ce-17.03.3.ce-1.el7 docker-ce-selinux.noarch-17.03.3.ce-1.el7\n\nsystemctl enable docker\nsystemctl start docker\n\nusermod -G docker centos\n\n# Kubernetes\ncat \u003c\u003cEOF \u003e /etc/yum.repos.d/kubernetes.repo\n[kubernetes]\nname=Kubernetes\nbaseurl=https://packages.cloud.google.com/yum/repos/kubernetes-el7-x86_64\nenabled=1\ngpgcheck=1\nrepo_gpgcheck=1\ngpgkey=https://packages.cloud.google.com/yum/doc/yum-key.gpg https://packages.cloud.google.com/yum/doc/rpm-package-key.gpg\nEOF\n\nyum -y install kubelet-1.11.3-0 kubeadm-1.11.3-0 kubectl-1.11.3-0\n\ncat \u003c\u003cEOF \u003e  /etc/sysctl.d/k8s.conf\nnet.bridge.bridge-nf-call-ip6tables = 1\nnet.bridge.bridge-nf-call-iptables = 1\nEOF\n\nsysctl --system\n\nsu - centos -c \"git clone https://github.com/ecsdigital/devopsplayground-27-k8s-jenkins-pipeline.git\"\n\n# Pre pull images ready to be installed\nkubeadm config images pull\ndocker pull jenkins/jenkins:lts\n\n# Wetty\nsystemctl enable wetty.service\nsystemctl start wetty.service\n\n\n\n\n\n\n\n\n\n\n\n\n\n\n",
                            "template": "#!/bin/bash\n\n# Basic software\nyum install -y epel-release\nyum install -y curl wget make gcc-c++ git htop vim jq\nyum groupinstall -y 'Development Tools'\n\n# SSH User\necho '${ssh_pass}' | sudo passwd centos --stdin\nsed -i 's/PasswordAuthentication no/PasswordAuthentication yes/g' /etc/ssh/sshd_config\nsystemctl restart sshd\n\n# Node and wetty\ncurl --silent --location https://rpm.nodesource.com/setup_8.x | bash -\nyum install -y nodejs\n\nnpm install -g yarn\nnpm install -g aye-spy\n\nyarn global add wetty\n\n\ncat \u003c\u003c EOF \u003e /etc/systemd/system/wetty.service\n[Unit]\nDescription=Wetty terminal on Web\nAfter=network.target\n\n[Service]\nType=simple\nUser=centos\nWorkingDirectory=/home/centos\nExecStart=/usr/local/bin/wetty -p 3000 --sshuser centos\nRestart=always\n\n[Install]\nWantedBy=multi-user.target\nEOF\n\n# SELINUX\n\nsetenforce 0\nsed -i 's/SELINUX=enforcing/SELINUX=permissive/g' /etc/selinux/config\n\n# Docker\nyum-config-manager --add-repo https://download.docker.com/linux/centos/docker-ce.repo\nyum install -y --setopt=obsoletes=0 docker-ce-17.03.3.ce-1.el7 docker-ce-selinux.noarch-17.03.3.ce-1.el7\n\nsystemctl enable docker\nsystemctl start docker\n\nusermod -G docker centos\n\n# Kubernetes\ncat \u003c\u003cEOF \u003e /etc/yum.repos.d/kubernetes.repo\n[kubernetes]\nname=Kubernetes\nbaseurl=https://packages.cloud.google.com/yum/repos/kubernetes-el7-x86_64\nenabled=1\ngpgcheck=1\nrepo_gpgcheck=1\ngpgkey=https://packages.cloud.google.com/yum/doc/yum-key.gpg https://packages.cloud.google.com/yum/doc/rpm-package-key.gpg\nEOF\n\nyum -y install kubelet-1.11.3-0 kubeadm-1.11.3-0 kubectl-1.11.3-0\n\ncat \u003c\u003cEOF \u003e  /etc/sysctl.d/k8s.conf\nnet.bridge.bridge-nf-call-ip6tables = 1\nnet.bridge.bridge-nf-call-iptables = 1\nEOF\n\nsysctl --system\n\nsu - centos -c \"git clone https://github.com/ecsdigital/devopsplayground-27-k8s-jenkins-pipeline.git\"\n\n# Pre pull images ready to be installed\nkubeadm config images pull\ndocker pull jenkins/jenkins:lts\n\n# Wetty\nsystemctl enable wetty.service\nsystemctl start wetty.service\n\n\n\n\n\n\n\n\n\n\n\n\n\n\n",
                            "vars.%": "1",
                            "vars.ssh_pass": "DevopsPlayground19"
                        },
                        "meta": {},
                        "tainted": false
                    },
                    "deposed": [],
                    "provider": "provider.template"
                },
                "random_integer.animal_offset": {
                    "type": "random_integer",
                    "depends_on": [],
                    "primary": {
                        "id": "121",
                        "attributes": {
                            "id": "121",
                            "max": "300",
                            "min": "0",
                            "result": "121"
                        },
                        "meta": {},
                        "tainted": false
                    },
                    "deposed": [],
                    "provider": "provider.random"
                }
            },
            "depends_on": []
        }
    ]
}
